lockfileVersion: '9.0'

settings:
  autoInstallPeers: true
  excludeLinksFromLockfile: false

importers:

  .:
    dependencies:
      '@koa/cors':
        specifier: ^5.0.0
        version: 5.0.0
      '@types/koa':
        specifier: ^2.15.0
        version: 2.15.0
      koa:
        specifier: ^2.15.3
        version: 2.15.3
      koa-body:
        specifier: ^4.0.1
        version: 4.2.0
      koa-combine-routers:
        specifier: ^4.0.2
        version: 4.0.2
      koa-json:
        specifier: ^2.0.2
        version: 2.0.2
      koa-router:
        specifier: ^12.0.1
        version: 12.0.1
    devDependencies:
      '@types/node':
        specifier: ^20.14.9
        version: 20.14.11

packages:

  '@koa/cors@5.0.0':
    resolution: {integrity: sha512-x/iUDjcS90W69PryLDIMgFyV21YLTnG9zOpPXS7Bkt2b8AsY3zZsIpOLBkYr9fBcF3HbkKaER5hOBZLfpLgYNw==, tarball: https://registry.npmjs.org/@koa/cors/-/cors-5.0.0.tgz}
    engines: {node: '>= 14.0.0'}

  '@types/accepts@1.3.7':
    resolution: {integrity: sha512-Pay9fq2lM2wXPWbteBsRAGiWH2hig4ZE2asK+mm7kUzlxRTfL961rj89I6zV/E3PcIkDqyuBEcMxFT7rccugeQ==, tarball: https://registry.npmjs.org/@types/accepts/-/accepts-1.3.7.tgz}

  '@types/body-parser@1.19.5':
    resolution: {integrity: sha512-fB3Zu92ucau0iQ0JMCFQE7b/dv8Ot07NI3KaZIkIUNXq82k4eBAqUaneXfleGY9JWskeS9y+u0nXMyspcuQrCg==, tarball: https://registry.npmjs.org/@types/body-parser/-/body-parser-1.19.5.tgz}

  '@types/connect@3.4.38':
    resolution: {integrity: sha512-K6uROf1LD88uDQqJCktA4yzL1YYAK6NgfsI0v/mTgyPKWsX1CnJ0XPSDhViejru1GcRkLWb8RlzFYJRqGUbaug==, tarball: https://registry.npmjs.org/@types/connect/-/connect-3.4.38.tgz}

  '@types/content-disposition@0.5.8':
    resolution: {integrity: sha512-QVSSvno3dE0MgO76pJhmv4Qyi/j0Yk9pBp0Y7TJ2Tlj+KCgJWY6qX7nnxCOLkZ3VYRSIk1WTxCvwUSdx6CCLdg==, tarball: https://registry.npmjs.org/@types/content-disposition/-/content-disposition-0.5.8.tgz}

  '@types/cookies@0.9.0':
    resolution: {integrity: sha512-40Zk8qR147RABiQ7NQnBzWzDcjKzNrntB5BAmeGCb2p/MIyOE+4BVvc17wumsUqUw00bJYqoXFHYygQnEFh4/Q==, tarball: https://registry.npmjs.org/@types/cookies/-/cookies-0.9.0.tgz}

  '@types/express-serve-static-core@4.19.5':
    resolution: {integrity: sha512-y6W03tvrACO72aijJ5uF02FRq5cgDR9lUxddQ8vyF+GvmjJQqbzDcJngEjURc+ZsG31VI3hODNZJ2URj86pzmg==, tarball: https://registry.npmjs.org/@types/express-serve-static-core/-/express-serve-static-core-4.19.5.tgz}

  '@types/express@4.17.21':
    resolution: {integrity: sha512-ejlPM315qwLpaQlQDTjPdsUFSc6ZsP4AN6AlWnogPjQ7CVi7PYF3YVz+CY3jE2pwYf7E/7HlDAN0rV2GxTG0HQ==, tarball: https://registry.npmjs.org/@types/express/-/express-4.17.21.tgz}

  '@types/formidable@1.2.8':
    resolution: {integrity: sha512-6psvrUy5VDYb+yaPJReF1WrRsz+FBwyJutK9Twz1Efa27tm07bARNIkK2B8ZPWq80dXqpKfrxTO96xrtPp+AuA==, tarball: https://registry.npmjs.org/@types/formidable/-/formidable-1.2.8.tgz}

  '@types/http-assert@1.5.5':
    resolution: {integrity: sha512-4+tE/lwdAahgZT1g30Jkdm9PzFRde0xwxBNUyRsCitRvCQB90iuA2uJYdUnhnANRcqGXaWOGY4FEoxeElNAK2g==, tarball: https://registry.npmjs.org/@types/http-assert/-/http-assert-1.5.5.tgz}

  '@types/http-errors@2.0.4':
    resolution: {integrity: sha512-D0CFMMtydbJAegzOyHjtiKPLlvnm3iTZyZRSZoLq2mRhDdmLfIWOCYPfQJ4cu2erKghU++QvjcUjp/5h7hESpA==, tarball: https://registry.npmjs.org/@types/http-errors/-/http-errors-2.0.4.tgz}

  '@types/keygrip@1.0.6':
    resolution: {integrity: sha512-lZuNAY9xeJt7Bx4t4dx0rYCDqGPW8RXhQZK1td7d4H6E9zYbLoOtjBvfwdTKpsyxQI/2jv+armjX/RW+ZNpXOQ==, tarball: https://registry.npmjs.org/@types/keygrip/-/keygrip-1.0.6.tgz}

  '@types/koa-compose@3.2.2':
    resolution: {integrity: sha512-l7cgROjz3k126UWAnijr3SmNUR5QVx2GHWyLTRBSIVgtEeOxVGDov8eSsyYszKXB0oBSXRYyRF3BDhtyGY5bPQ==, tarball: https://registry.npmjs.org/@types/koa-compose/-/koa-compose-3.2.2.tgz}

  '@types/koa-compose@3.2.8':
    resolution: {integrity: sha512-4Olc63RY+MKvxMwVknCUDhRQX1pFQoBZ/lXcRLP69PQkEpze/0cr8LNqJQe5NFb/b19DWi2a5bTi2VAlQzhJuA==, tarball: https://registry.npmjs.org/@types/koa-compose/-/koa-compose-3.2.8.tgz}

  '@types/koa-router@7.4.8':
    resolution: {integrity: sha512-SkWlv4F9f+l3WqYNQHnWjYnyTxYthqt8W9az2RTdQW7Ay8bc00iRZcrb8MC75iEfPqnGcg2csEl8tTG1NQPD4A==, tarball: https://registry.npmjs.org/@types/koa-router/-/koa-router-7.4.8.tgz}

  '@types/koa@2.15.0':
    resolution: {integrity: sha512-7QFsywoE5URbuVnG3loe03QXuGajrnotr3gQkXcEBShORai23MePfFYdhz90FEtBBpkyIYQbVD+evKtloCgX3g==, tarball: https://registry.npmjs.org/@types/koa/-/koa-2.15.0.tgz}

  '@types/mime@1.3.5':
    resolution: {integrity: sha512-/pyBZWSLD2n0dcHE3hq8s8ZvcETHtEuF+3E7XVt0Ig2nvsVQXdghHVcEkIWjy9A0wKfTn97a/PSDYohKIlnP/w==, tarball: https://registry.npmjs.org/@types/mime/-/mime-1.3.5.tgz}

  '@types/node@20.14.11':
    resolution: {integrity: sha512-kprQpL8MMeszbz6ojB5/tU8PLN4kesnN8Gjzw349rDlNgsSzg90lAVj3llK99Dh7JON+t9AuscPPFW6mPbTnSA==, tarball: https://registry.npmjs.org/@types/node/-/node-20.14.11.tgz}

  '@types/qs@6.9.15':
    resolution: {integrity: sha512-uXHQKES6DQKKCLh441Xv/dwxOq1TVS3JPUMlEqoEglvlhR6Mxnlew/Xq/LRVHpLyk7iK3zODe1qYHIMltO7XGg==, tarball: https://registry.npmjs.org/@types/qs/-/qs-6.9.15.tgz}

  '@types/range-parser@1.2.7':
    resolution: {integrity: sha512-hKormJbkJqzQGhziax5PItDUTMAM9uE2XXQmM37dyd4hVM+5aVl7oVxMVUiVQn2oCQFN/LKCZdvSM0pFRqbSmQ==, tarball: https://registry.npmjs.org/@types/range-parser/-/range-parser-1.2.7.tgz}

  '@types/send@0.17.4':
    resolution: {integrity: sha512-x2EM6TJOybec7c52BX0ZspPodMsQUd5L6PRwOunVyVUhXiBSKf3AezDL8Dgvgt5o0UfKNfuA0eMLr2wLT4AiBA==, tarball: https://registry.npmjs.org/@types/send/-/send-0.17.4.tgz}

  '@types/serve-static@1.15.7':
    resolution: {integrity: sha512-W8Ym+h8nhuRwaKPaDw34QUkwsGi6Rc4yYqvKFo5rm2FUEhCFbzVWrxXUxuKK8TASjWsysJY0nsmNCGhCOIsrOw==, tarball: https://registry.npmjs.org/@types/serve-static/-/serve-static-1.15.7.tgz}

  accepts@1.3.8:
    resolution: {integrity: sha512-PYAthTa2m2VKxuvSD3DPC/Gy+U+sOA1LAuT8mkmRuvw+NACSaeXEQ+NHcVF7rONl6qcaxV3Uuemwawk+7+SJLw==, tarball: https://registry.npmjs.org/accepts/-/accepts-1.3.8.tgz}
    engines: {node: '>= 0.6'}

  bytes@3.1.2:
    resolution: {integrity: sha512-/Nf7TyzTx6S3yRJObOAV7956r8cr2+Oj8AC5dt8wSP3BQAoeX58NoHyCU8P8zGkNXStjTSi6fzO6F0pBdcYbEg==, tarball: https://registry.npmjs.org/bytes/-/bytes-3.1.2.tgz}
    engines: {node: '>= 0.8'}

  cache-content-type@1.0.1:
    resolution: {integrity: sha512-IKufZ1o4Ut42YUrZSo8+qnMTrFuKkvyoLXUywKz9GJ5BrhOFGhLdkx9sG4KAnVvbY6kEcSFjLQul+DVmBm2bgA==, tarball: https://registry.npmjs.org/cache-content-type/-/cache-content-type-1.0.1.tgz}
    engines: {node: '>= 6.0.0'}

  call-bind@1.0.7:
    resolution: {integrity: sha512-GHTSNSYICQ7scH7sZ+M2rFopRoLh8t2bLSW6BbgrtLsahOIB5iyAVJf9GjWK3cYTDaMj4XdBpM1cA6pIS0Kv2w==, tarball: https://registry.npmjs.org/call-bind/-/call-bind-1.0.7.tgz}
    engines: {node: '>= 0.4'}

  co-body@5.2.0:
    resolution: {integrity: sha512-sX/LQ7LqUhgyaxzbe7IqwPeTr2yfpfUIQ/dgpKo6ZI4y4lpQA0YxAomWIY+7I7rHWcG02PG+OuPREzMW/5tszQ==, tarball: https://registry.npmjs.org/co-body/-/co-body-5.2.0.tgz}

  co@4.6.0:
    resolution: {integrity: sha512-QVb0dM5HvG+uaxitm8wONl7jltx8dqhfU33DcqtOZcLSVIKSDDLDi7+0LbAKiyI8hD9u42m2YxXSkMGWThaecQ==, tarball: https://registry.npmjs.org/co/-/co-4.6.0.tgz}
    engines: {iojs: '>= 1.0.0', node: '>= 0.12.0'}

  content-disposition@0.5.4:
    resolution: {integrity: sha512-FveZTNuGw04cxlAiWbzi6zTAL/lhehaWbTtgluJh4/E95DqMwTmha3KZN1aAWA8cFIhHzMZUvLevkw5Rqk+tSQ==, tarball: https://registry.npmjs.org/content-disposition/-/content-disposition-0.5.4.tgz}
    engines: {node: '>= 0.6'}

  content-type@1.0.5:
    resolution: {integrity: sha512-nTjqfcBFEipKdXCv4YDQWCfmcLZKm81ldF0pAopTvyrFGVbcR6P/VAAd5G7N+0tTr8QqiU0tFadD6FK4NtJwOA==, tarball: https://registry.npmjs.org/content-type/-/content-type-1.0.5.tgz}
    engines: {node: '>= 0.6'}

  cookies@0.9.1:
    resolution: {integrity: sha512-TG2hpqe4ELx54QER/S3HQ9SRVnQnGBtKUz5bLQWtYAQ+o6GpgMs6sYUvaiJjVxb+UXwhRhAEP3m7LbsIZ77Hmw==, tarball: https://registry.npmjs.org/cookies/-/cookies-0.9.1.tgz}
    engines: {node: '>= 0.8'}

  core-util-is@1.0.3:
    resolution: {integrity: sha512-ZQBvi1DcpJ4GDqanjucZ2Hj3wEO5pZDS89BWbkcrvdxksJorwUDDZamX9ldFkp9aw2lmBDLgkObEA4DWNJ9FYQ==, tarball: https://registry.npmjs.org/core-util-is/-/core-util-is-1.0.3.tgz}

  debug@4.3.5:
    resolution: {integrity: sha512-pt0bNEmneDIvdL1Xsd9oDQ/wrQRkXDT4AUWlNZNPKvW5x/jyO9VFXkJUP07vQ2upmw5PlaITaPKc31jK13V+jg==, tarball: https://registry.npmjs.org/debug/-/debug-4.3.5.tgz}
    engines: {node: '>=6.0'}
    peerDependencies:
      supports-color: '*'
    peerDependenciesMeta:
      supports-color:
        optional: true

  deep-equal@1.0.1:
    resolution: {integrity: sha512-bHtC0iYvWhyaTzvV3CZgPeZQqCOBGyGsVV7v4eevpdkLHfiSrXUdBG+qAuSz4RI70sszvjQ1QSZ98An1yNwpSw==, tarball: https://registry.npmjs.org/deep-equal/-/deep-equal-1.0.1.tgz}

  define-data-property@1.1.4:
    resolution: {integrity: sha512-rBMvIzlpA8v6E+SJZoo++HAYqsLrkg7MSfIinMPFhmkorw7X+dOXVJQs+QT69zGkzMyfDnIMN2Wid1+NbL3T+A==, tarball: https://registry.npmjs.org/define-data-property/-/define-data-property-1.1.4.tgz}
    engines: {node: '>= 0.4'}

  delegates@1.0.0:
    resolution: {integrity: sha512-bd2L678uiWATM6m5Z1VzNCErI3jiGzt6HGY8OVICs40JQq/HALfbyNJmp0UDakEY4pMMaN0Ly5om/B1VI/+xfQ==, tarball: https://registry.npmjs.org/delegates/-/delegates-1.0.0.tgz}

  depd@1.1.2:
    resolution: {integrity: sha512-7emPTl6Dpo6JRXOXjLRxck+FlLRX5847cLKEn00PLAgc3g2hTZZgr+e4c2v6QpSmLeFP3n5yUo7ft6avBK/5jQ==, tarball: https://registry.npmjs.org/depd/-/depd-1.1.2.tgz}
    engines: {node: '>= 0.6'}

  depd@2.0.0:
    resolution: {integrity: sha512-g7nH6P6dyDioJogAAGprGpCtVImJhpPk/roCzdb3fIh61/s/nPsfR6onyMwkCAR/OlC3yBC0lESvUoQEAssIrw==, tarball: https://registry.npmjs.org/depd/-/depd-2.0.0.tgz}
    engines: {node: '>= 0.8'}

  destroy@1.2.0:
    resolution: {integrity: sha512-2sJGJTaXIIaR1w4iJSNoN0hnMY7Gpc/n8D4qSCJw8QqFWXf7cuAgnEHxBpweaVcPevC2l3KpjYCx3NypQQgaJg==, tarball: https://registry.npmjs.org/destroy/-/destroy-1.2.0.tgz}
    engines: {node: '>= 0.8', npm: 1.2.8000 || >= 1.4.16}

  ee-first@1.1.1:
    resolution: {integrity: sha512-WMwm9LhRUo+WUaRN+vRuETqG89IgZphVSNkdFgeb6sS/E4OrDIN7t48CAewSHXc6C8lefD8KKfr5vY61brQlow==, tarball: https://registry.npmjs.org/ee-first/-/ee-first-1.1.1.tgz}

  encodeurl@1.0.2:
    resolution: {integrity: sha512-TPJXq8JqFaVYm2CWmPvnP2Iyo4ZSM7/QKcSmuMLDObfpH5fi7RUGmd/rTDf+rut/saiDiQEeVTNgAmJEdAOx0w==, tarball: https://registry.npmjs.org/encodeurl/-/encodeurl-1.0.2.tgz}
    engines: {node: '>= 0.8'}

  es-define-property@1.0.0:
    resolution: {integrity: sha512-jxayLKShrEqqzJ0eumQbVhTYQM27CfT1T35+gCgDFoL82JLsXqTJ76zv6A0YLOgEnLUMvLzsDsGIrl8NFpT2gQ==, tarball: https://registry.npmjs.org/es-define-property/-/es-define-property-1.0.0.tgz}
    engines: {node: '>= 0.4'}

  es-errors@1.3.0:
    resolution: {integrity: sha512-Zf5H2Kxt2xjTvbJvP2ZWLEICxA6j+hAmMzIlypy4xcBg1vKVnx89Wy0GbS+kf5cwCVFFzdCFh2XSCFNULS6csw==, tarball: https://registry.npmjs.org/es-errors/-/es-errors-1.3.0.tgz}
    engines: {node: '>= 0.4'}

  escape-html@1.0.3:
    resolution: {integrity: sha512-NiSupZ4OeuGwr68lGIeym/ksIZMJodUGOSCZ/FSnTxcrekbvqrgdUxlJOMpijaKZVjAJrWrGs/6Jy8OMuyj9ow==, tarball: https://registry.npmjs.org/escape-html/-/escape-html-1.0.3.tgz}

  formidable@1.2.6:
    resolution: {integrity: sha512-KcpbcpuLNOwrEjnbpMC0gS+X8ciDoZE1kkqzat4a8vrprf+s9pKNQ/QIwWfbfs4ltgmFl3MD177SNTkve3BwGQ==, tarball: https://registry.npmjs.org/formidable/-/formidable-1.2.6.tgz}
    deprecated: 'Please upgrade to latest, formidable@v2 or formidable@v3! Check these notes: https://bit.ly/2ZEqIau'

  fresh@0.5.2:
    resolution: {integrity: sha512-zJ2mQYM18rEFOudeV4GShTGIQ7RbzA7ozbU9I/XBpm7kqgMywgmylMwXHxZJmkVoYkna9d2pVXVXPdYTP9ej8Q==, tarball: https://registry.npmjs.org/fresh/-/fresh-0.5.2.tgz}
    engines: {node: '>= 0.6'}

  function-bind@1.1.2:
    resolution: {integrity: sha512-7XHNxH7qX9xG5mIwxkhumTox/MIRNcOgDrxWsMt2pAr23WHp6MrRlN7FBSFpCpr+oVO0F744iUgR82nJMfG2SA==, tarball: https://registry.npmjs.org/function-bind/-/function-bind-1.1.2.tgz}

  get-intrinsic@1.2.4:
    resolution: {integrity: sha512-5uYhsJH8VJBTv7oslg4BznJYhDoRI6waYCxMmCdnTrcCrHA/fCFKoTFz2JKKE0HdDFUF7/oQuhzumXJK7paBRQ==, tarball: https://registry.npmjs.org/get-intrinsic/-/get-intrinsic-1.2.4.tgz}
    engines: {node: '>= 0.4'}

  gopd@1.0.1:
    resolution: {integrity: sha512-d65bNlIadxvpb/A2abVdlqKqV563juRnZ1Wtk6s1sIR8uNsXR70xqIzVqxVf1eTqDunwT2MkczEeaezCKTZhwA==, tarball: https://registry.npmjs.org/gopd/-/gopd-1.0.1.tgz}

  has-property-descriptors@1.0.2:
    resolution: {integrity: sha512-55JNKuIW+vq4Ke1BjOTjM2YctQIvCT7GFzHwmfZPGo5wnrgkid0YQtnAleFSqumZm4az3n2BS+erby5ipJdgrg==, tarball: https://registry.npmjs.org/has-property-descriptors/-/has-property-descriptors-1.0.2.tgz}

  has-proto@1.0.3:
    resolution: {integrity: sha512-SJ1amZAJUiZS+PhsVLf5tGydlaVB8EdFpaSO4gmiUKUOxk8qzn5AIy4ZeJUmh22znIdk/uMAUT2pl3FxzVUH+Q==, tarball: https://registry.npmjs.org/has-proto/-/has-proto-1.0.3.tgz}
    engines: {node: '>= 0.4'}

  has-symbols@1.0.3:
    resolution: {integrity: sha512-l3LCuF6MgDNwTDKkdYGEihYjt5pRPbEg46rtlmnSPlUbgmB8LOIrKJbYYFBSbnPaJexMKtiPO8hmeRjRz2Td+A==, tarball: https://registry.npmjs.org/has-symbols/-/has-symbols-1.0.3.tgz}
    engines: {node: '>= 0.4'}

  has-tostringtag@1.0.2:
    resolution: {integrity: sha512-NqADB8VjPFLM2V0VvHUewwwsw0ZWBaIdgo+ieHtK3hasLz4qeCRjYcqfB6AQrBggRKppKF8L52/VqdVsO47Dlw==, tarball: https://registry.npmjs.org/has-tostringtag/-/has-tostringtag-1.0.2.tgz}
    engines: {node: '>= 0.4'}

  hasown@2.0.2:
    resolution: {integrity: sha512-0hJU9SCPvmMzIBdZFqNPXWa6dqh7WdH0cII9y+CyS8rG3nL48Bclra9HmKhVVUHyPWNH5Y7xDwAB7bfgSjkUMQ==, tarball: https://registry.npmjs.org/hasown/-/hasown-2.0.2.tgz}
    engines: {node: '>= 0.4'}

  http-assert@1.5.0:
    resolution: {integrity: sha512-uPpH7OKX4H25hBmU6G1jWNaqJGpTXxey+YOUizJUAgu0AjLUeC8D73hTrhvDS5D+GJN1DN1+hhc/eF/wpxtp0w==, tarball: https://registry.npmjs.org/http-assert/-/http-assert-1.5.0.tgz}
    engines: {node: '>= 0.8'}

  http-errors@1.8.1:
    resolution: {integrity: sha512-Kpk9Sm7NmI+RHhnj6OIWDI1d6fIoFAtFt9RLaTMRlg/8w49juAStsrBgp0Dp4OdxdVbRIeKhtCUvoi/RuAhO4g==, tarball: https://registry.npmjs.org/http-errors/-/http-errors-1.8.1.tgz}
    engines: {node: '>= 0.6'}

  http-errors@2.0.0:
    resolution: {integrity: sha512-FtwrG/euBzaEjYeRqOgly7G0qviiXoJWnvEH2Z1plBdXgbyjv34pHTSb9zoeHMyDy33+DWy5Wt9Wo+TURtOYSQ==, tarball: https://registry.npmjs.org/http-errors/-/http-errors-2.0.0.tgz}
    engines: {node: '>= 0.8'}

  iconv-lite@0.4.24:
    resolution: {integrity: sha512-v3MXnZAcvnywkTUEZomIActle7RXXeedOR31wwl7VlyoXO4Qi9arvSenNQWne1TcRwhCL1HwLI21bEqdpj8/rA==, tarball: https://registry.npmjs.org/iconv-lite/-/iconv-lite-0.4.24.tgz}
    engines: {node: '>=0.10.0'}

  inflation@2.1.0:
    resolution: {integrity: sha512-t54PPJHG1Pp7VQvxyVCJ9mBbjG3Hqryges9bXoOO6GExCPa+//i/d5GSuFtpx3ALLd7lgIAur6zrIlBQyJuMlQ==, tarball: https://registry.npmjs.org/inflation/-/inflation-2.1.0.tgz}
    engines: {node: '>= 0.8.0'}

  inherits@2.0.4:
    resolution: {integrity: sha512-k/vGaX4/Yla3WzyMCvTQOXYeIHvqOKtnqBduzTHpzpQZzAskKMhZ2K+EnBiSM9zGSoIFeMpXKxa4dYeZIQqewQ==, tarball: https://registry.npmjs.org/inherits/-/inherits-2.0.4.tgz}

  is-generator-function@1.0.10:
    resolution: {integrity: sha512-jsEjy9l3yiXEQ+PsXdmBwEPcOxaXWLspKdplFUVI9vq1iZgIekeC0L167qeu86czQaxed3q/Uzuw0swL0irL8A==, tarball: https://registry.npmjs.org/is-generator-function/-/is-generator-function-1.0.10.tgz}
    engines: {node: '>= 0.4'}

  isarray@1.0.0:
    resolution: {integrity: sha512-VLghIWNM6ELQzo7zwmcg0NmTVyWKYjvIeM83yjp0wRDTmUnrM678fQbcKBo6n2CJEF0szoG//ytg+TKla89ALQ==, tarball: https://registry.npmjs.org/isarray/-/isarray-1.0.0.tgz}

  json-stringify-safe@5.0.1:
    resolution: {integrity: sha512-ZClg6AaYvamvYEE82d3Iyd3vSSIjQ+odgjaTzRuO3s7toCdFKczob2i0zCh7JE8kWn17yvAWhUVxvqGwUalsRA==, tarball: https://registry.npmjs.org/json-stringify-safe/-/json-stringify-safe-5.0.1.tgz}

  keygrip@1.1.0:
    resolution: {integrity: sha512-iYSchDJ+liQ8iwbSI2QqsQOvqv58eJCEanyJPJi+Khyu8smkcKSFUCbPwzFcL7YVtZ6eONjqRX/38caJ7QjRAQ==, tarball: https://registry.npmjs.org/keygrip/-/keygrip-1.1.0.tgz}
    engines: {node: '>= 0.6'}

  koa-body@4.2.0:
    resolution: {integrity: sha512-wdGu7b9amk4Fnk/ytH8GuWwfs4fsB5iNkY8kZPpgQVb04QZSv85T0M8reb+cJmvLE8cjPYvBzRikD3s6qz8OoA==, tarball: https://registry.npmjs.org/koa-body/-/koa-body-4.2.0.tgz}

  koa-combine-routers@4.0.2:
    resolution: {integrity: sha512-hUHIVWWefwkhOQaOdil1g0qMKsMF/7iBW81jGSxp8k1HfeAvpsABOqyhUYxaLT0Ux0HSi8ytwf2B8hkM0gD31Q==, tarball: https://registry.npmjs.org/koa-combine-routers/-/koa-combine-routers-4.0.2.tgz}

  koa-compose@4.1.0:
    resolution: {integrity: sha512-8ODW8TrDuMYvXRwra/Kh7/rJo9BtOfPc6qO8eAfC80CnCvSjSl0bkRM24X6/XBBEyj0v1nRUQ1LyOy3dbqOWXw==, tarball: https://registry.npmjs.org/koa-compose/-/koa-compose-4.1.0.tgz}

  koa-convert@2.0.0:
    resolution: {integrity: sha512-asOvN6bFlSnxewce2e/DK3p4tltyfC4VM7ZwuTuepI7dEQVcvpyFuBcEARu1+Hxg8DIwytce2n7jrZtRlPrARA==, tarball: https://registry.npmjs.org/koa-convert/-/koa-convert-2.0.0.tgz}
    engines: {node: '>= 10'}

  koa-is-json@1.0.0:
    resolution: {integrity: sha512-+97CtHAlWDx0ndt0J8y3P12EWLwTLMXIfMnYDev3wOTwH/RpBGMlfn4bDXlMEg1u73K6XRE9BbUp+5ZAYoRYWw==, tarball: https://registry.npmjs.org/koa-is-json/-/koa-is-json-1.0.0.tgz}

  koa-json@2.0.2:
    resolution: {integrity: sha512-8+dz0T2ekDuNN1svYoKPCV2txotQ3Ufg8Fn5bft1T48MPJWiC/HKmkk+3xj9EC/iNZuFYeLRazN2h2o3RSUXuQ==, tarball: https://registry.npmjs.org/koa-json/-/koa-json-2.0.2.tgz}

  koa-router@12.0.1:
    resolution: {integrity: sha512-gaDdj3GtzoLoeosacd50kBBTnnh3B9AYxDThQUo4sfUyXdOhY6ku1qyZKW88tQCRgc3Sw6ChXYXWZwwgjOxE0w==, tarball: https://registry.npmjs.org/koa-router/-/koa-router-12.0.1.tgz}
    engines: {node: '>= 12'}

  koa@2.15.3:
    resolution: {integrity: sha512-j/8tY9j5t+GVMLeioLaxweJiKUayFhlGqNTzf2ZGwL0ZCQijd2RLHK0SLW5Tsko8YyyqCZC2cojIb0/s62qTAg==, tarball: https://registry.npmjs.org/koa/-/koa-2.15.3.tgz}
    engines: {node: ^4.8.4 || ^6.10.1 || ^7.10.1 || >= 8.1.4}

  media-typer@0.3.0:
    resolution: {integrity: sha512-dq+qelQ9akHpcOl/gUVRTxVIOkAJ1wR3QAvb4RsVjS8oVoFjDGTc679wJYmUmknUF5HwMLOgb5O+a3KxfWapPQ==, tarball: https://registry.npmjs.org/media-typer/-/media-typer-0.3.0.tgz}
    engines: {node: '>= 0.6'}

  methods@1.1.2:
    resolution: {integrity: sha512-iclAHeNqNm68zFtnZ0e+1L2yUIdvzNoauKU4WBA3VvH/vPFieF7qfRlwUZU+DA9P9bPXIS90ulxoUoCH23sV2w==, tarball: https://registry.npmjs.org/methods/-/methods-1.1.2.tgz}
    engines: {node: '>= 0.6'}

  mime-db@1.52.0:
    resolution: {integrity: sha512-sPU4uV7dYlvtWJxwwxHD0PuihVNiE7TyAbQ5SWxDCB9mUYvOgroQOwYQQOKPJ8CIbE+1ETVlOoK1UC2nU3gYvg==, tarball: https://registry.npmjs.org/mime-db/-/mime-db-1.52.0.tgz}
    engines: {node: '>= 0.6'}

  mime-types@2.1.35:
    resolution: {integrity: sha512-ZDY+bPm5zTTF+YpCrAU9nK0UgICYPT0QtT1NZWFv4s++TNkcgVaT0g6+4R2uI4MjQjzysHB1zxuWL50hzaeXiw==, tarball: https://registry.npmjs.org/mime-types/-/mime-types-2.1.35.tgz}
    engines: {node: '>= 0.6'}

  ms@2.1.2:
    resolution: {integrity: sha512-sGkPx+VjMtmA6MX27oA4FBFELFCZZ4S4XqeGOXCv68tT+jb3vk/RyaKWP0PTKyWtmLSM0b+adUTEvbs1PEaH2w==, tarball: https://registry.npmjs.org/ms/-/ms-2.1.2.tgz}

  negotiator@0.6.3:
    resolution: {integrity: sha512-+EUsqGPLsM+j/zdChZjsnX51g4XrHFOIXwfnCVPGlQk/k5giakcKsuxCObBRu6DSm9opw/O6slWbJdghQM4bBg==, tarball: https://registry.npmjs.org/negotiator/-/negotiator-0.6.3.tgz}
    engines: {node: '>= 0.6'}

  object-inspect@1.13.2:
    resolution: {integrity: sha512-IRZSRuzJiynemAXPYtPe5BoI/RESNYR7TYm50MC5Mqbd3Jmw5y790sErYw3V6SryFJD64b74qQQs9wn5Bg/k3g==, tarball: https://registry.npmjs.org/object-inspect/-/object-inspect-1.13.2.tgz}
    engines: {node: '>= 0.4'}

  on-finished@2.4.1:
    resolution: {integrity: sha512-oVlzkg3ENAhCk2zdv7IJwd/QUD4z2RxRwpkcGY8psCVcCYZNq4wYnVWALHM+brtuJjePWiYF/ClmuDr8Ch5+kg==, tarball: https://registry.npmjs.org/on-finished/-/on-finished-2.4.1.tgz}
    engines: {node: '>= 0.8'}

  only@0.0.2:
    resolution: {integrity: sha512-Fvw+Jemq5fjjyWz6CpKx6w9s7xxqo3+JCyM0WXWeCSOboZ8ABkyvP8ID4CZuChA/wxSx+XSJmdOm8rGVyJ1hdQ==, tarball: https://registry.npmjs.org/only/-/only-0.0.2.tgz}

  parseurl@1.3.3:
    resolution: {integrity: sha512-CiyeOxFT/JZyN5m0z9PfXw4SCBJ6Sygz1Dpl0wqjlhDEGGBP1GnsUVEL0p63hoG1fcj3fHynXi9NYO4nWOL+qQ==, tarball: https://registry.npmjs.org/parseurl/-/parseurl-1.3.3.tgz}
    engines: {node: '>= 0.8'}

  path-to-regexp@6.2.2:
    resolution: {integrity: sha512-GQX3SSMokngb36+whdpRXE+3f9V8UzyAorlYvOGx87ufGHehNTn5lCxrKtLyZ4Yl/wEKnNnr98ZzOwwDZV5ogw==, tarball: https://registry.npmjs.org/path-to-regexp/-/path-to-regexp-6.2.2.tgz}

  process-nextick-args@2.0.1:
    resolution: {integrity: sha512-3ouUOpQhtgrbOa17J7+uxOTpITYWaGP7/AhoR3+A+/1e9skrzelGi/dXzEYyvbxubEF6Wn2ypscTKiKJFFn1ag==, tarball: https://registry.npmjs.org/process-nextick-args/-/process-nextick-args-2.0.1.tgz}

  qs@6.12.3:
    resolution: {integrity: sha512-AWJm14H1vVaO/iNZ4/hO+HyaTehuy9nRqVdkTqlJt0HWvBiBIEXFmb4C0DGeYo3Xes9rrEW+TxHsaigCbN5ICQ==, tarball: https://registry.npmjs.org/qs/-/qs-6.12.3.tgz}
    engines: {node: '>=0.6'}

  raw-body@2.5.2:
    resolution: {integrity: sha512-8zGqypfENjCIqGhgXToC8aB2r7YrBX+AQAfIPs/Mlk+BtPTztOvTS01NRW/3Eh60J+a48lt8qsCzirQ6loCVfA==, tarball: https://registry.npmjs.org/raw-body/-/raw-body-2.5.2.tgz}
    engines: {node: '>= 0.8'}

  readable-stream@2.3.8:
    resolution: {integrity: sha512-8p0AUk4XODgIewSi0l8Epjs+EVnWiK7NoDIEGU0HhE7+ZyY8D1IMY7odu5lRrFXGg71L15KG8QrPmum45RTtdA==, tarball: https://registry.npmjs.org/readable-stream/-/readable-stream-2.3.8.tgz}

  safe-buffer@5.1.2:
    resolution: {integrity: sha512-Gd2UZBJDkXlY7GbJxfsE8/nvKkUEU1G38c1siN6QP6a9PT9MmHB8GnpscSmMJSoF8LOIrt8ud/wPtojys4G6+g==, tarball: https://registry.npmjs.org/safe-buffer/-/safe-buffer-5.1.2.tgz}

  safe-buffer@5.2.1:
    resolution: {integrity: sha512-rp3So07KcdmmKbGvgaNxQSJr7bGVSVk5S9Eq1F+ppbRo70+YeaDxkw5Dd8NPN+GD6bjnYm2VuPuCXmpuYvmCXQ==, tarball: https://registry.npmjs.org/safe-buffer/-/safe-buffer-5.2.1.tgz}

  safer-buffer@2.1.2:
    resolution: {integrity: sha512-YZo3K82SD7Riyi0E1EQPojLz7kpepnSQI9IyPbHHg1XXXevb5dJI7tpyN2ADxGcQbHG7vcyRHk0cbwqcQriUtg==, tarball: https://registry.npmjs.org/safer-buffer/-/safer-buffer-2.1.2.tgz}

  set-function-length@1.2.2:
    resolution: {integrity: sha512-pgRc4hJ4/sNjWCSS9AmnS40x3bNMDTknHgL5UaMBTMyJnU90EgWh1Rz+MC9eFu4BuN/UwZjKQuY/1v3rM7HMfg==, tarball: https://registry.npmjs.org/set-function-length/-/set-function-length-1.2.2.tgz}
    engines: {node: '>= 0.4'}

  setprototypeof@1.2.0:
    resolution: {integrity: sha512-E5LDX7Wrp85Kil5bhZv46j8jOeboKq5JMmYM3gVGdGH8xFpPWXUMsNrlODCrkoxMEeNi/XZIwuRvY4XNwYMJpw==, tarball: https://registry.npmjs.org/setprototypeof/-/setprototypeof-1.2.0.tgz}

  side-channel@1.0.6:
    resolution: {integrity: sha512-fDW/EZ6Q9RiO8eFG8Hj+7u/oW+XrPTIChwCOM2+th2A6OblDtYYIpve9m+KvI9Z4C9qSEXlaGR6bTEYHReuglA==, tarball: https://registry.npmjs.org/side-channel/-/side-channel-1.0.6.tgz}
    engines: {node: '>= 0.4'}

  statuses@1.5.0:
    resolution: {integrity: sha512-OpZ3zP+jT1PI7I8nemJX4AKmAX070ZkYPVWV/AaKTJl+tXCTGyVdC1a4SL8RUQYEwk/f34ZX8UTykN68FwrqAA==, tarball: https://registry.npmjs.org/statuses/-/statuses-1.5.0.tgz}
    engines: {node: '>= 0.6'}

  statuses@2.0.1:
    resolution: {integrity: sha512-RwNA9Z/7PrK06rYLIzFMlaF+l73iwpzsqRIFgbMLbTcLD6cOao82TaWefPXQvB2fOC4AjuYSEndS7N/mTCbkdQ==, tarball: https://registry.npmjs.org/statuses/-/statuses-2.0.1.tgz}
    engines: {node: '>= 0.8'}

  streaming-json-stringify@3.1.0:
    resolution: {integrity: sha512-axtfs3BDxAsrZ9swD163FBrXZ8dhJJp6kUI6C97TvUZG9RHKfbg9nFbXqEheFNOb3IYMEt2ag9F62sWLFUZ4ug==, tarball: https://registry.npmjs.org/streaming-json-stringify/-/streaming-json-stringify-3.1.0.tgz}

  string_decoder@1.1.1:
    resolution: {integrity: sha512-n/ShnvDi6FHbbVfviro+WojiFzv+s8MPMHBczVePfUpDJLwoLT0ht1l4YwBCbi8pJAveEEdnkHyPyTP/mzRfwg==, tarball: https://registry.npmjs.org/string_decoder/-/string_decoder-1.1.1.tgz}

  toidentifier@1.0.1:
    resolution: {integrity: sha512-o5sSPKEkg/DIQNmH43V0/uerLrpzVedkUh8tGNvaeXpfpuwjKenlSox/2O/BTlZUtEe+JG7s5YhEz608PlAHRA==, tarball: https://registry.npmjs.org/toidentifier/-/toidentifier-1.0.1.tgz}
    engines: {node: '>=0.6'}

  tsscmp@1.0.6:
    resolution: {integrity: sha512-LxhtAkPDTkVCMQjt2h6eBVY28KCjikZqZfMcC15YBeNjkgUpdCfBu5HoiOTDu86v6smE8yOjyEktJ8hlbANHQA==, tarball: https://registry.npmjs.org/tsscmp/-/tsscmp-1.0.6.tgz}
    engines: {node: '>=0.6.x'}

  type-is@1.6.18:
    resolution: {integrity: sha512-TkRKr9sUTxEH8MdfuCSP7VizJyzRNMjj2J2do2Jr3Kym598JVdEksuzPQCnlFPW4ky9Q+iA+ma9BGm06XQBy8g==, tarball: https://registry.npmjs.org/type-is/-/type-is-1.6.18.tgz}
    engines: {node: '>= 0.6'}

  undici-types@5.26.5:
    resolution: {integrity: sha512-JlCMO+ehdEIKqlFxk6IfVoAUVmgz7cU7zD/h9XZ0qzeosSHmUJVOzSQvvYSYWXkFXC+IfLKSIffhv0sVZup6pA==, tarball: https://registry.npmjs.org/undici-types/-/undici-types-5.26.5.tgz}

  unpipe@1.0.0:
    resolution: {integrity: sha512-pjy2bYhSsufwWlKwPc+l3cN7+wuJlK6uz0YdJEOlQDbl6jo/YlPi4mb8agUkVC8BF7V8NuzeyPNqRksA3hztKQ==, tarball: https://registry.npmjs.org/unpipe/-/unpipe-1.0.0.tgz}
    engines: {node: '>= 0.8'}

  util-deprecate@1.0.2:
    resolution: {integrity: sha512-EPD5q1uXyFxJpCrLnCc1nHnq3gOa6DZBocAIiI2TaSCA7VCJ1UJDMagCzIkXNsUYfD1daK//LTEQ8xiIbrHtcw==, tarball: https://registry.npmjs.org/util-deprecate/-/util-deprecate-1.0.2.tgz}

  vary@1.1.2:
    resolution: {integrity: sha512-BNGbWLfd0eUPabhkXUVm0j8uuvREyTh5ovRa/dyow/BqAbZJyC+5fU+IzQOzmAKzYqYRAISoRhdQr3eIZ/PXqg==, tarball: https://registry.npmjs.org/vary/-/vary-1.1.2.tgz}
    engines: {node: '>= 0.8'}

  ylru@1.4.0:
    resolution: {integrity: sha512-2OQsPNEmBCvXuFlIni/a+Rn+R2pHW9INm0BxXJ4hVDA8TirqMj+J/Rp9ItLatT/5pZqWwefVrTQcHpixsxnVlA==, tarball: https://registry.npmjs.org/ylru/-/ylru-1.4.0.tgz}
    engines: {node: '>= 4.0.0'}

snapshots:

  '@koa/cors@5.0.0':
    dependencies:
      vary: 1.1.2

  '@types/accepts@1.3.7':
    dependencies:
      '@types/node': 20.14.11

  '@types/body-parser@1.19.5':
    dependencies:
      '@types/connect': 3.4.38
      '@types/node': 20.14.11

  '@types/connect@3.4.38':
    dependencies:
      '@types/node': 20.14.11

  '@types/content-disposition@0.5.8': {}

  '@types/cookies@0.9.0':
    dependencies:
      '@types/connect': 3.4.38
      '@types/express': 4.17.21
      '@types/keygrip': 1.0.6
      '@types/node': 20.14.11

  '@types/express-serve-static-core@4.19.5':
    dependencies:
      '@types/node': 20.14.11
      '@types/qs': 6.9.15
      '@types/range-parser': 1.2.7
      '@types/send': 0.17.4

  '@types/express@4.17.21':
    dependencies:
      '@types/body-parser': 1.19.5
      '@types/express-serve-static-core': 4.19.5
      '@types/qs': 6.9.15
      '@types/serve-static': 1.15.7

  '@types/formidable@1.2.8':
    dependencies:
      '@types/node': 20.14.11

  '@types/http-assert@1.5.5': {}

  '@types/http-errors@2.0.4': {}

  '@types/keygrip@1.0.6': {}

  '@types/koa-compose@3.2.2': {}

  '@types/koa-compose@3.2.8':
    dependencies:
      '@types/koa': 2.15.0

  '@types/koa-router@7.4.8':
    dependencies:
      '@types/koa': 2.15.0

  '@types/koa@2.15.0':
    dependencies:
      '@types/accepts': 1.3.7
      '@types/content-disposition': 0.5.8
      '@types/cookies': 0.9.0
      '@types/http-assert': 1.5.5
      '@types/http-errors': 2.0.4
      '@types/keygrip': 1.0.6
      '@types/koa-compose': 3.2.8
      '@types/node': 20.14.11

  '@types/mime@1.3.5': {}

  '@types/node@20.14.11':
    dependencies:
      undici-types: 5.26.5

  '@types/qs@6.9.15': {}

  '@types/range-parser@1.2.7': {}

  '@types/send@0.17.4':
    dependencies:
      '@types/mime': 1.3.5
      '@types/node': 20.14.11

  '@types/serve-static@1.15.7':
    dependencies:
      '@types/http-errors': 2.0.4
      '@types/node': 20.14.11
      '@types/send': 0.17.4

  accepts@1.3.8:
    dependencies:
      mime-types: 2.1.35
      negotiator: 0.6.3

  bytes@3.1.2: {}

  cache-content-type@1.0.1:
    dependencies:
      mime-types: 2.1.35
      ylru: 1.4.0

  call-bind@1.0.7:
    dependencies:
      es-define-property: 1.0.0
      es-errors: 1.3.0
      function-bind: 1.1.2
      get-intrinsic: 1.2.4
      set-function-length: 1.2.2

  co-body@5.2.0:
    dependencies:
      inflation: 2.1.0
      qs: 6.12.3
      raw-body: 2.5.2
      type-is: 1.6.18

  co@4.6.0: {}

  content-disposition@0.5.4:
    dependencies:
      safe-buffer: 5.2.1

  content-type@1.0.5: {}

  cookies@0.9.1:
    dependencies:
      depd: 2.0.0
      keygrip: 1.1.0

  core-util-is@1.0.3: {}

  debug@4.3.5:
    dependencies:
      ms: 2.1.2

  deep-equal@1.0.1: {}

  define-data-property@1.1.4:
    dependencies:
      es-define-property: 1.0.0
      es-errors: 1.3.0
      gopd: 1.0.1

  delegates@1.0.0: {}

  depd@1.1.2: {}

  depd@2.0.0: {}

  destroy@1.2.0: {}

  ee-first@1.1.1: {}

  encodeurl@1.0.2: {}

  es-define-property@1.0.0:
    dependencies:
      get-intrinsic: 1.2.4

  es-errors@1.3.0: {}

  escape-html@1.0.3: {}

  formidable@1.2.6: {}

  fresh@0.5.2: {}

  function-bind@1.1.2: {}

  get-intrinsic@1.2.4:
    dependencies:
      es-errors: 1.3.0
      function-bind: 1.1.2
      has-proto: 1.0.3
      has-symbols: 1.0.3
      hasown: 2.0.2

  gopd@1.0.1:
    dependencies:
      get-intrinsic: 1.2.4

  has-property-descriptors@1.0.2:
    dependencies:
      es-define-property: 1.0.0

  has-proto@1.0.3: {}

  has-symbols@1.0.3: {}

  has-tostringtag@1.0.2:
    dependencies:
      has-symbols: 1.0.3

  hasown@2.0.2:
    dependencies:
      function-bind: 1.1.2

  http-assert@1.5.0:
    dependencies:
      deep-equal: 1.0.1
      http-errors: 1.8.1

  http-errors@1.8.1:
    dependencies:
      depd: 1.1.2
      inherits: 2.0.4
      setprototypeof: 1.2.0
      statuses: 1.5.0
      toidentifier: 1.0.1

  http-errors@2.0.0:
    dependencies:
      depd: 2.0.0
      inherits: 2.0.4
      setprototypeof: 1.2.0
      statuses: 2.0.1
      toidentifier: 1.0.1

  iconv-lite@0.4.24:
    dependencies:
      safer-buffer: 2.1.2

  inflation@2.1.0: {}

  inherits@2.0.4: {}

  is-generator-function@1.0.10:
    dependencies:
      has-tostringtag: 1.0.2

  isarray@1.0.0: {}

  json-stringify-safe@5.0.1: {}

  keygrip@1.1.0:
    dependencies:
      tsscmp: 1.0.6

  koa-body@4.2.0:
    dependencies:
      '@types/formidable': 1.2.8
      co-body: 5.2.0
      formidable: 1.2.6

  koa-combine-routers@4.0.2:
    dependencies:
      '@types/koa-compose': 3.2.2
      '@types/koa-router': 7.4.8
      koa-compose: 4.1.0

  koa-compose@4.1.0: {}

  koa-convert@2.0.0:
    dependencies:
      co: 4.6.0
      koa-compose: 4.1.0

  koa-is-json@1.0.0: {}

  koa-json@2.0.2:
    dependencies:
      koa-is-json: 1.0.0
      streaming-json-stringify: 3.1.0

  koa-router@12.0.1:
    dependencies:
      debug: 4.3.5
      http-errors: 2.0.0
      koa-compose: 4.1.0
      methods: 1.1.2
      path-to-regexp: 6.2.2
    transitivePeerDependencies:
      - supports-color

  koa@2.15.3:
    dependencies:
      accepts: 1.3.8
      cache-content-type: 1.0.1
      content-disposition: 0.5.4
      content-type: 1.0.5
      cookies: 0.9.1
      debug: 4.3.5
      delegates: 1.0.0
      depd: 2.0.0
      destroy: 1.2.0
      encodeurl: 1.0.2
      escape-html: 1.0.3
      fresh: 0.5.2
      http-assert: 1.5.0
      http-errors: 1.8.1
      is-generator-function: 1.0.10
      koa-compose: 4.1.0
      koa-convert: 2.0.0
      on-finished: 2.4.1
      only: 0.0.2
      parseurl: 1.3.3
      statuses: 1.5.0
      type-is: 1.6.18
      vary: 1.1.2
    transitivePeerDependencies:
      - supports-color

  media-typer@0.3.0: {}

  methods@1.1.2: {}

  mime-db@1.52.0: {}

  mime-types@2.1.35:
    dependencies:
      mime-db: 1.52.0

  ms@2.1.2: {}

  negotiator@0.6.3: {}

  object-inspect@1.13.2: {}

  on-finished@2.4.1:
    dependencies:
      ee-first: 1.1.1

  only@0.0.2: {}

  parseurl@1.3.3: {}

  path-to-regexp@6.2.2: {}

  process-nextick-args@2.0.1: {}

  qs@6.12.3:
    dependencies:
      side-channel: 1.0.6

  raw-body@2.5.2:
    dependencies:
      bytes: 3.1.2
      http-errors: 2.0.0
      iconv-lite: 0.4.24
      unpipe: 1.0.0

  readable-stream@2.3.8:
    dependencies:
      core-util-is: 1.0.3
      inherits: 2.0.4
      isarray: 1.0.0
      process-nextick-args: 2.0.1
      safe-buffer: 5.1.2
      string_decoder: 1.1.1
      util-deprecate: 1.0.2

  safe-buffer@5.1.2: {}

  safe-buffer@5.2.1: {}

  safer-buffer@2.1.2: {}

  set-function-length@1.2.2:
    dependencies:
      define-data-property: 1.1.4
      es-errors: 1.3.0
      function-bind: 1.1.2
      get-intrinsic: 1.2.4
      gopd: 1.0.1
      has-property-descriptors: 1.0.2

  setprototypeof@1.2.0: {}

  side-channel@1.0.6:
    dependencies:
      call-bind: 1.0.7
      es-errors: 1.3.0
      get-intrinsic: 1.2.4
      object-inspect: 1.13.2

  statuses@1.5.0: {}

  statuses@2.0.1: {}

  streaming-json-stringify@3.1.0:
    dependencies:
      json-stringify-safe: 5.0.1
      readable-stream: 2.3.8

  string_decoder@1.1.1:
    dependencies:
      safe-buffer: 5.1.2

  toidentifier@1.0.1: {}

  tsscmp@1.0.6: {}

  type-is@1.6.18:
    dependencies:
      media-typer: 0.3.0
      mime-types: 2.1.35

  undici-types@5.26.5: {}

  unpipe@1.0.0: {}

  util-deprecate@1.0.2: {}

  vary@1.1.2: {}

  ylru@1.4.0: {}
